
Microsoft Visual Studio Solution File, Format Version 12.00
# Visual Studio Version 16
VisualStudioVersion = 16.0.31112.23
MinimumVisualStudioVersion = 10.0.40219.1
Project("{FAE04EC0-301F-11D3-BF4B-00C04F79EFBC}") = "3.3.1", "3.3.1.csproj", "{3515A587-5706-43DE-95DF-996C1FCEF239}"
EndProject
Global
	GlobalSection(SolutionConfigurationPlatforms) = preSolution
		Debug|Any CPU = Debug|Any CPU
		Release|Any CPU = Release|Any CPU
	EndGlobalSection
	GlobalSection(ProjectConfigurationPlatforms) = postSolution
		{3515A587-5706-43DE-95DF-996C1FCEF239}.Debug|Any CPU.ActiveCfg = Debug|Any CPU
		{3515A587-5706-43DE-95DF-996C1FCEF239}.Debug|Any CPU.Build.0 = Debug|Any CPU
		{3515A587-5706-43DE-95DF-996C1FCEF239}.Release|Any CPU.ActiveCfg = Release|Any CPU
		{3515A587-5706-43DE-95DF-996C1FCEF239}.Release|Any CPU.Build.0 = Release|Any CPU
	EndGlobalSection
	GlobalSection(SolutionProperties) = preSolution
		HideSolutionNode = FALSE
	EndGlobalSection
	GlobalSection(ExtensibilityGlobals) = postSolution
		SolutionGuid = {E2E6B761-DB65-49CF-8F48-A24A0F531CBE}
	EndGlobalSection
EndGlobal
