
Microsoft Visual Studio Solution File, Format Version 12.00
# Visual Studio Version 16
VisualStudioVersion = 16.0.31410.357
MinimumVisualStudioVersion = 10.0.40219.1
Project("{2150E333-8FDC-42A3-9474-1A3956D46DE8}") = "PL", "PL", "{A5D9C908-4D79-412E-A480-BE06693A44F5}"
EndProject
Project("{2150E333-8FDC-42A3-9474-1A3956D46DE8}") = "BLL", "BLL", "{A6CE4DF0-9FF4-4791-A078-BE23F35F23D5}"
EndProject
Project("{2150E333-8FDC-42A3-9474-1A3956D46DE8}") = "DAL", "DAL", "{5B4BF404-1181-4485-9C18-975492EF8A86}"
EndProject
Project("{2150E333-8FDC-42A3-9474-1A3956D46DE8}") = "Common", "Common", "{A3DDE28A-3943-4652-9D8C-C6B7D197903E}"
EndProject
Project("{9A19103F-16F7-4668-BE54-9A1E7A4F7556}") = "Task_8.BLL", "Task_8.BLL\Task_8.BLL.csproj", "{459350B8-B250-47B8-BE6B-83E6386BC851}"
EndProject
Project("{9A19103F-16F7-4668-BE54-9A1E7A4F7556}") = "Task_8.BLL.Interfaces", "Task_8.BLL.Interfaces\Task_8.BLL.Interfaces.csproj", "{2B344681-2136-41E8-A1AE-0C5E41270813}"
EndProject
Project("{9A19103F-16F7-4668-BE54-9A1E7A4F7556}") = "Task_8.DAO.Interfaces", "Task_8.DAL.Interfaces\Task_8.DAO.Interfaces.csproj", "{C0279F83-6E2A-4123-91B4-4D1D21BDFDDC}"
EndProject
Project("{9A19103F-16F7-4668-BE54-9A1E7A4F7556}") = "Task_8.Dependencies", "Task_8.Dependencies\Task_8.Dependencies.csproj", "{FCA51A31-C95B-4747-A574-7169FC89E4CC}"
EndProject
Project("{9A19103F-16F7-4668-BE54-9A1E7A4F7556}") = "Task_8.Entities", "Task_8.Entities\Task_8.Entities.csproj", "{7D3D53E2-AF05-426B-A091-F21B3C8B367E}"
EndProject
Project("{9A19103F-16F7-4668-BE54-9A1E7A4F7556}") = "Task_8.UsersAndAwardsJsonDAO", "Task_8.UsersAndAdwardsJsonDAO\Task_8.UsersAndAwardsJsonDAO.csproj", "{4A16470E-60A9-422D-B47F-EF18EFB49362}"
EndProject
Project("{9A19103F-16F7-4668-BE54-9A1E7A4F7556}") = "Task_8.ConsolePL", "Task_8.ConsolePL\Task_8.ConsolePL.csproj", "{AE97AA9B-0E20-4988-852C-9F3E17D81D5F}"
EndProject
Project("{FAE04EC0-301F-11D3-BF4B-00C04F79EFBC}") = "Tas_8.AspPL", "Tas_8.AspPL\Tas_8.AspPL.csproj", "{20748111-7F0D-448D-BA5A-88EBB04F1281}"
EndProject
Global
	GlobalSection(SolutionConfigurationPlatforms) = preSolution
		Debug|Any CPU = Debug|Any CPU
		Release|Any CPU = Release|Any CPU
	EndGlobalSection
	GlobalSection(ProjectConfigurationPlatforms) = postSolution
		{459350B8-B250-47B8-BE6B-83E6386BC851}.Debug|Any CPU.ActiveCfg = Debug|Any CPU
		{459350B8-B250-47B8-BE6B-83E6386BC851}.Debug|Any CPU.Build.0 = Debug|Any CPU
		{459350B8-B250-47B8-BE6B-83E6386BC851}.Release|Any CPU.ActiveCfg = Release|Any CPU
		{459350B8-B250-47B8-BE6B-83E6386BC851}.Release|Any CPU.Build.0 = Release|Any CPU
		{2B344681-2136-41E8-A1AE-0C5E41270813}.Debug|Any CPU.ActiveCfg = Debug|Any CPU
		{2B344681-2136-41E8-A1AE-0C5E41270813}.Debug|Any CPU.Build.0 = Debug|Any CPU
		{2B344681-2136-41E8-A1AE-0C5E41270813}.Release|Any CPU.ActiveCfg = Release|Any CPU
		{2B344681-2136-41E8-A1AE-0C5E41270813}.Release|Any CPU.Build.0 = Release|Any CPU
		{C0279F83-6E2A-4123-91B4-4D1D21BDFDDC}.Debug|Any CPU.ActiveCfg = Debug|Any CPU
		{C0279F83-6E2A-4123-91B4-4D1D21BDFDDC}.Debug|Any CPU.Build.0 = Debug|Any CPU
		{C0279F83-6E2A-4123-91B4-4D1D21BDFDDC}.Release|Any CPU.ActiveCfg = Release|Any CPU
		{C0279F83-6E2A-4123-91B4-4D1D21BDFDDC}.Release|Any CPU.Build.0 = Release|Any CPU
		{FCA51A31-C95B-4747-A574-7169FC89E4CC}.Debug|Any CPU.ActiveCfg = Debug|Any CPU
		{FCA51A31-C95B-4747-A574-7169FC89E4CC}.Debug|Any CPU.Build.0 = Debug|Any CPU
		{FCA51A31-C95B-4747-A574-7169FC89E4CC}.Release|Any CPU.ActiveCfg = Release|Any CPU
		{FCA51A31-C95B-4747-A574-7169FC89E4CC}.Release|Any CPU.Build.0 = Release|Any CPU
		{7D3D53E2-AF05-426B-A091-F21B3C8B367E}.Debug|Any CPU.ActiveCfg = Debug|Any CPU
		{7D3D53E2-AF05-426B-A091-F21B3C8B367E}.Debug|Any CPU.Build.0 = Debug|Any CPU
		{7D3D53E2-AF05-426B-A091-F21B3C8B367E}.Release|Any CPU.ActiveCfg = Release|Any CPU
		{7D3D53E2-AF05-426B-A091-F21B3C8B367E}.Release|Any CPU.Build.0 = Release|Any CPU
		{4A16470E-60A9-422D-B47F-EF18EFB49362}.Debug|Any CPU.ActiveCfg = Debug|Any CPU
		{4A16470E-60A9-422D-B47F-EF18EFB49362}.Debug|Any CPU.Build.0 = Debug|Any CPU
		{4A16470E-60A9-422D-B47F-EF18EFB49362}.Release|Any CPU.ActiveCfg = Release|Any CPU
		{4A16470E-60A9-422D-B47F-EF18EFB49362}.Release|Any CPU.Build.0 = Release|Any CPU
		{AE97AA9B-0E20-4988-852C-9F3E17D81D5F}.Debug|Any CPU.ActiveCfg = Debug|Any CPU
		{AE97AA9B-0E20-4988-852C-9F3E17D81D5F}.Debug|Any CPU.Build.0 = Debug|Any CPU
		{AE97AA9B-0E20-4988-852C-9F3E17D81D5F}.Release|Any CPU.ActiveCfg = Release|Any CPU
		{AE97AA9B-0E20-4988-852C-9F3E17D81D5F}.Release|Any CPU.Build.0 = Release|Any CPU
		{20748111-7F0D-448D-BA5A-88EBB04F1281}.Debug|Any CPU.ActiveCfg = Debug|Any CPU
		{20748111-7F0D-448D-BA5A-88EBB04F1281}.Debug|Any CPU.Build.0 = Debug|Any CPU
		{20748111-7F0D-448D-BA5A-88EBB04F1281}.Release|Any CPU.ActiveCfg = Release|Any CPU
		{20748111-7F0D-448D-BA5A-88EBB04F1281}.Release|Any CPU.Build.0 = Release|Any CPU
	EndGlobalSection
	GlobalSection(SolutionProperties) = preSolution
		HideSolutionNode = FALSE
	EndGlobalSection
	GlobalSection(NestedProjects) = preSolution
		{459350B8-B250-47B8-BE6B-83E6386BC851} = {A6CE4DF0-9FF4-4791-A078-BE23F35F23D5}
		{2B344681-2136-41E8-A1AE-0C5E41270813} = {A6CE4DF0-9FF4-4791-A078-BE23F35F23D5}
		{C0279F83-6E2A-4123-91B4-4D1D21BDFDDC} = {5B4BF404-1181-4485-9C18-975492EF8A86}
		{FCA51A31-C95B-4747-A574-7169FC89E4CC} = {A3DDE28A-3943-4652-9D8C-C6B7D197903E}
		{7D3D53E2-AF05-426B-A091-F21B3C8B367E} = {A3DDE28A-3943-4652-9D8C-C6B7D197903E}
		{4A16470E-60A9-422D-B47F-EF18EFB49362} = {5B4BF404-1181-4485-9C18-975492EF8A86}
		{AE97AA9B-0E20-4988-852C-9F3E17D81D5F} = {A5D9C908-4D79-412E-A480-BE06693A44F5}
		{20748111-7F0D-448D-BA5A-88EBB04F1281} = {A5D9C908-4D79-412E-A480-BE06693A44F5}
	EndGlobalSection
	GlobalSection(ExtensibilityGlobals) = postSolution
		SolutionGuid = {324CB127-B702-4D7F-8303-6ABF97BFB0F5}
	EndGlobalSection
EndGlobal
