
Microsoft Visual Studio Solution File, Format Version 12.00
# Visual Studio Version 16
VisualStudioVersion = 16.0.31410.357
MinimumVisualStudioVersion = 10.0.40219.1
Project("{FAE04EC0-301F-11D3-BF4B-00C04F79EFBC}") = "Task_8.ASP", "Task_8.ASP.csproj", "{DD801546-6664-421E-A164-AB46A9A321A3}"
EndProject
Project("{2150E333-8FDC-42A3-9474-1A3956D46DE8}") = "AspPL", "AspPL", "{B6A81BFA-9C21-4ED0-88EA-F0B7F7E0443E}"
EndProject
Project("{2150E333-8FDC-42A3-9474-1A3956D46DE8}") = "BLL", "BLL", "{3394DC9D-5F81-42B9-8C82-DDF03C9B2034}"
EndProject
Project("{2150E333-8FDC-42A3-9474-1A3956D46DE8}") = "DAL", "DAL", "{2EF75F34-6870-448A-A31C-1DF17D3BB7E8}"
EndProject
Project("{2150E333-8FDC-42A3-9474-1A3956D46DE8}") = "Common", "Common", "{490D5B49-A85E-4346-8B0E-7F059ACA9D19}"
EndProject
Project("{FAE04EC0-301F-11D3-BF4B-00C04F79EFBC}") = "Task_8.ASP.BLL", "..\Task_8.ASP.BLL\Task_8.ASP.BLL.csproj", "{09CDC910-EC02-428D-B94D-D57D10CE6C7B}"
EndProject
Project("{FAE04EC0-301F-11D3-BF4B-00C04F79EFBC}") = "Task_8.ASP.Dependencies", "..\Task_8.ASP.Dependencies\Task_8.ASP.Dependencies.csproj", "{956B8CAF-6393-4263-A9D8-0B0AC26B0BD9}"
EndProject
Project("{FAE04EC0-301F-11D3-BF4B-00C04F79EFBC}") = "Task_8.ASP.Entities", "..\Task_8.ASP.Entities\Task_8.ASP.Entities.csproj", "{6D48C8C7-25F0-42DE-ABE7-6FB2B96C5316}"
EndProject
Project("{FAE04EC0-301F-11D3-BF4B-00C04F79EFBC}") = "Task_8.ASP.DAO.Interfaces", "..\Task_8.ASP.DAO.Interfaces\Task_8.ASP.DAO.Interfaces.csproj", "{1F083B68-4C6C-4DDD-8895-5F022993AFE8}"
EndProject
Project("{FAE04EC0-301F-11D3-BF4B-00C04F79EFBC}") = "Task_8.ASP.UsersAndAwardsJsonDAO", "..\Task_8.ASP.UsersAndAwardsJsonDAO\Task_8.ASP.UsersAndAwardsJsonDAO.csproj", "{65D1B814-4FCF-4CA1-BBF1-874B0353F742}"
EndProject
Project("{FAE04EC0-301F-11D3-BF4B-00C04F79EFBC}") = "Task_8.ASP.BLL.Interfaces", "..\Task_8.ASP.BLL.Interfaces\Task_8.ASP.BLL.Interfaces.csproj", "{BDD3AD16-4403-499F-9EC2-82840373C4F2}"
EndProject
Project("{FAE04EC0-301F-11D3-BF4B-00C04F79EFBC}") = "ConsoleApp1", "..\ConsoleApp1\ConsoleApp1.csproj", "{4D8503D3-3B95-4F38-A63E-F90E73471C0D}"
EndProject
Project("{FAE04EC0-301F-11D3-BF4B-00C04F79EFBC}") = "Task_8.ASP.Roles", "..\Task_8.ASP.Roles\Task_8.ASP.Roles.csproj", "{4353C0C0-289C-42A3-93F5-7610830ADE9B}"
EndProject
Global
	GlobalSection(SolutionConfigurationPlatforms) = preSolution
		Debug|Any CPU = Debug|Any CPU
		Release|Any CPU = Release|Any CPU
	EndGlobalSection
	GlobalSection(ProjectConfigurationPlatforms) = postSolution
		{DD801546-6664-421E-A164-AB46A9A321A3}.Debug|Any CPU.ActiveCfg = Debug|Any CPU
		{DD801546-6664-421E-A164-AB46A9A321A3}.Debug|Any CPU.Build.0 = Debug|Any CPU
		{DD801546-6664-421E-A164-AB46A9A321A3}.Release|Any CPU.ActiveCfg = Release|Any CPU
		{DD801546-6664-421E-A164-AB46A9A321A3}.Release|Any CPU.Build.0 = Release|Any CPU
		{09CDC910-EC02-428D-B94D-D57D10CE6C7B}.Debug|Any CPU.ActiveCfg = Debug|Any CPU
		{09CDC910-EC02-428D-B94D-D57D10CE6C7B}.Debug|Any CPU.Build.0 = Debug|Any CPU
		{09CDC910-EC02-428D-B94D-D57D10CE6C7B}.Release|Any CPU.ActiveCfg = Release|Any CPU
		{09CDC910-EC02-428D-B94D-D57D10CE6C7B}.Release|Any CPU.Build.0 = Release|Any CPU
		{956B8CAF-6393-4263-A9D8-0B0AC26B0BD9}.Debug|Any CPU.ActiveCfg = Debug|Any CPU
		{956B8CAF-6393-4263-A9D8-0B0AC26B0BD9}.Debug|Any CPU.Build.0 = Debug|Any CPU
		{956B8CAF-6393-4263-A9D8-0B0AC26B0BD9}.Release|Any CPU.ActiveCfg = Release|Any CPU
		{956B8CAF-6393-4263-A9D8-0B0AC26B0BD9}.Release|Any CPU.Build.0 = Release|Any CPU
		{6D48C8C7-25F0-42DE-ABE7-6FB2B96C5316}.Debug|Any CPU.ActiveCfg = Debug|Any CPU
		{6D48C8C7-25F0-42DE-ABE7-6FB2B96C5316}.Debug|Any CPU.Build.0 = Debug|Any CPU
		{6D48C8C7-25F0-42DE-ABE7-6FB2B96C5316}.Release|Any CPU.ActiveCfg = Release|Any CPU
		{6D48C8C7-25F0-42DE-ABE7-6FB2B96C5316}.Release|Any CPU.Build.0 = Release|Any CPU
		{1F083B68-4C6C-4DDD-8895-5F022993AFE8}.Debug|Any CPU.ActiveCfg = Debug|Any CPU
		{1F083B68-4C6C-4DDD-8895-5F022993AFE8}.Debug|Any CPU.Build.0 = Debug|Any CPU
		{1F083B68-4C6C-4DDD-8895-5F022993AFE8}.Release|Any CPU.ActiveCfg = Release|Any CPU
		{1F083B68-4C6C-4DDD-8895-5F022993AFE8}.Release|Any CPU.Build.0 = Release|Any CPU
		{65D1B814-4FCF-4CA1-BBF1-874B0353F742}.Debug|Any CPU.ActiveCfg = Debug|Any CPU
		{65D1B814-4FCF-4CA1-BBF1-874B0353F742}.Debug|Any CPU.Build.0 = Debug|Any CPU
		{65D1B814-4FCF-4CA1-BBF1-874B0353F742}.Release|Any CPU.ActiveCfg = Release|Any CPU
		{65D1B814-4FCF-4CA1-BBF1-874B0353F742}.Release|Any CPU.Build.0 = Release|Any CPU
		{BDD3AD16-4403-499F-9EC2-82840373C4F2}.Debug|Any CPU.ActiveCfg = Debug|Any CPU
		{BDD3AD16-4403-499F-9EC2-82840373C4F2}.Debug|Any CPU.Build.0 = Debug|Any CPU
		{BDD3AD16-4403-499F-9EC2-82840373C4F2}.Release|Any CPU.ActiveCfg = Release|Any CPU
		{BDD3AD16-4403-499F-9EC2-82840373C4F2}.Release|Any CPU.Build.0 = Release|Any CPU
		{4D8503D3-3B95-4F38-A63E-F90E73471C0D}.Debug|Any CPU.ActiveCfg = Debug|Any CPU
		{4D8503D3-3B95-4F38-A63E-F90E73471C0D}.Debug|Any CPU.Build.0 = Debug|Any CPU
		{4D8503D3-3B95-4F38-A63E-F90E73471C0D}.Release|Any CPU.ActiveCfg = Release|Any CPU
		{4D8503D3-3B95-4F38-A63E-F90E73471C0D}.Release|Any CPU.Build.0 = Release|Any CPU
		{4353C0C0-289C-42A3-93F5-7610830ADE9B}.Debug|Any CPU.ActiveCfg = Debug|Any CPU
		{4353C0C0-289C-42A3-93F5-7610830ADE9B}.Debug|Any CPU.Build.0 = Debug|Any CPU
		{4353C0C0-289C-42A3-93F5-7610830ADE9B}.Release|Any CPU.ActiveCfg = Release|Any CPU
		{4353C0C0-289C-42A3-93F5-7610830ADE9B}.Release|Any CPU.Build.0 = Release|Any CPU
	EndGlobalSection
	GlobalSection(SolutionProperties) = preSolution
		HideSolutionNode = FALSE
	EndGlobalSection
	GlobalSection(NestedProjects) = preSolution
		{DD801546-6664-421E-A164-AB46A9A321A3} = {B6A81BFA-9C21-4ED0-88EA-F0B7F7E0443E}
		{09CDC910-EC02-428D-B94D-D57D10CE6C7B} = {3394DC9D-5F81-42B9-8C82-DDF03C9B2034}
		{956B8CAF-6393-4263-A9D8-0B0AC26B0BD9} = {490D5B49-A85E-4346-8B0E-7F059ACA9D19}
		{6D48C8C7-25F0-42DE-ABE7-6FB2B96C5316} = {490D5B49-A85E-4346-8B0E-7F059ACA9D19}
		{1F083B68-4C6C-4DDD-8895-5F022993AFE8} = {2EF75F34-6870-448A-A31C-1DF17D3BB7E8}
		{65D1B814-4FCF-4CA1-BBF1-874B0353F742} = {2EF75F34-6870-448A-A31C-1DF17D3BB7E8}
		{BDD3AD16-4403-499F-9EC2-82840373C4F2} = {3394DC9D-5F81-42B9-8C82-DDF03C9B2034}
		{4D8503D3-3B95-4F38-A63E-F90E73471C0D} = {B6A81BFA-9C21-4ED0-88EA-F0B7F7E0443E}
		{4353C0C0-289C-42A3-93F5-7610830ADE9B} = {B6A81BFA-9C21-4ED0-88EA-F0B7F7E0443E}
	EndGlobalSection
	GlobalSection(ExtensibilityGlobals) = postSolution
		SolutionGuid = {B06E54EC-73A9-4B20-A39F-A3CC29489BE4}
	EndGlobalSection
EndGlobal
